
Microsoft Visual Studio Solution File, Format Version 12.00
# Visual Studio 15
VisualStudioVersion = 15.0.26228.4
MinimumVisualStudioVersion = 10.0.40219.1
Project("{E24C65DC-7377-472B-9ABA-BC803B73C61A}") = "WebFormsAngular", "..\..\..\..\..\..\Apps\Angular2\WebFormsAngular\", "{D77B7FCC-0F78-4D69-AB7C-D169605E4577}"
	ProjectSection(WebsiteProperties) = preProject
		TargetFrameworkMoniker = ".NETFramework,Version%3Dv4.5.2"
		Debug.AspNetCompiler.VirtualPath = "/localhost_20722"
		Debug.AspNetCompiler.PhysicalPath = "..\..\..\..\..\..\Apps\Angular2\WebFormsAngular\"
		Debug.AspNetCompiler.TargetPath = "PrecompiledWeb\localhost_20722\"
		Debug.AspNetCompiler.Updateable = "true"
		Debug.AspNetCompiler.ForceOverwrite = "true"
		Debug.AspNetCompiler.FixedNames = "false"
		Debug.AspNetCompiler.Debug = "True"
		Release.AspNetCompiler.VirtualPath = "/localhost_20722"
		Release.AspNetCompiler.PhysicalPath = "..\..\..\..\..\..\Apps\Angular2\WebFormsAngular\"
		Release.AspNetCompiler.TargetPath = "PrecompiledWeb\localhost_20722\"
		Release.AspNetCompiler.Updateable = "true"
		Release.AspNetCompiler.ForceOverwrite = "true"
		Release.AspNetCompiler.FixedNames = "false"
		Release.AspNetCompiler.Debug = "False"
		VWDPort = "20722"
		SlnRelativePath = "..\..\..\..\..\..\Apps\Angular2\WebFormsAngular\"
		DefaultWebSiteLanguage = "Visual C#"
	EndProjectSection
EndProject
Global
	GlobalSection(SolutionConfigurationPlatforms) = preSolution
		Debug|Any CPU = Debug|Any CPU
	EndGlobalSection
	GlobalSection(ProjectConfigurationPlatforms) = postSolution
		{D77B7FCC-0F78-4D69-AB7C-D169605E4577}.Debug|Any CPU.ActiveCfg = Debug|Any CPU
		{D77B7FCC-0F78-4D69-AB7C-D169605E4577}.Debug|Any CPU.Build.0 = Debug|Any CPU
	EndGlobalSection
	GlobalSection(SolutionProperties) = preSolution
		HideSolutionNode = FALSE
	EndGlobalSection
EndGlobal
